// !$*UTF8*$!
{
	archiveVersion = 1;
	classes = {
	};
	objectVersion = 56;
	objects = {

/* Begin PBXBuildFile section */
		54CF26592BE0DD7A0063902A /* EntrantAssistantAppApp.swift in Sources */ = {isa = PBXBuildFile; fileRef = 54CF26582BE0DD7A0063902A /* EntrantAssistantAppApp.swift */; };
		54CF265B2BE0DD7A0063902A /* ContentView.swift in Sources */ = {isa = PBXBuildFile; fileRef = 54CF265A2BE0DD7A0063902A /* ContentView.swift */; };
		54CF265D2BE0DD7C0063902A /* Assets.xcassets in Resources */ = {isa = PBXBuildFile; fileRef = 54CF265C2BE0DD7C0063902A /* Assets.xcassets */; };
		54CF26602BE0DD7C0063902A /* Preview Assets.xcassets in Resources */ = {isa = PBXBuildFile; fileRef = 54CF265F2BE0DD7C0063902A /* Preview Assets.xcassets */; };
		54CF266A2BE0F92C0063902A /* MockData.swift in Sources */ = {isa = PBXBuildFile; fileRef = 54CF26692BE0F92C0063902A /* MockData.swift */; };
		54CF26712BE0FF1F0063902A /* HomeView.swift in Sources */ = {isa = PBXBuildFile; fileRef = 54CF26702BE0FF1F0063902A /* HomeView.swift */; };
		54CF26742BE119770063902A /* Size.swift in Sources */ = {isa = PBXBuildFile; fileRef = 54CF26732BE119770063902A /* Size.swift */; };
/* End PBXBuildFile section */

/* Begin PBXFileReference section */
		54CF26552BE0DD7A0063902A /* EntrantAssistantApp.app */ = {isa = PBXFileReference; explicitFileType = wrapper.application; includeInIndex = 0; path = EntrantAssistantApp.app; sourceTree = BUILT_PRODUCTS_DIR; };
		54CF26582BE0DD7A0063902A /* EntrantAssistantAppApp.swift */ = {isa = PBXFileReference; lastKnownFileType = sourcecode.swift; path = EntrantAssistantAppApp.swift; sourceTree = "<group>"; };
		54CF265A2BE0DD7A0063902A /* ContentView.swift */ = {isa = PBXFileReference; lastKnownFileType = sourcecode.swift; path = ContentView.swift; sourceTree = "<group>"; };
		54CF265C2BE0DD7C0063902A /* Assets.xcassets */ = {isa = PBXFileReference; lastKnownFileType = folder.assetcatalog; path = Assets.xcassets; sourceTree = "<group>"; };
		54CF265F2BE0DD7C0063902A /* Preview Assets.xcassets */ = {isa = PBXFileReference; lastKnownFileType = folder.assetcatalog; path = "Preview Assets.xcassets"; sourceTree = "<group>"; };
		54CF26692BE0F92C0063902A /* MockData.swift */ = {isa = PBXFileReference; lastKnownFileType = sourcecode.swift; path = MockData.swift; sourceTree = "<group>"; };
		54CF26702BE0FF1F0063902A /* HomeView.swift */ = {isa = PBXFileReference; lastKnownFileType = sourcecode.swift; path = HomeView.swift; sourceTree = "<group>"; };
		54CF26732BE119770063902A /* Size.swift */ = {isa = PBXFileReference; lastKnownFileType = sourcecode.swift; path = Size.swift; sourceTree = "<group>"; };
/* End PBXFileReference section */

/* Begin PBXFrameworksBuildPhase section */
		54CF26522BE0DD7A0063902A /* Frameworks */ = {
			isa = PBXFrameworksBuildPhase;
			buildActionMask = 2147483647;
			files = (
			);
			runOnlyForDeploymentPostprocessing = 0;
		};
/* End PBXFrameworksBuildPhase section */

/* Begin PBXGroup section */
		54CF264C2BE0DD7A0063902A = {
			isa = PBXGroup;
			children = (
				54CF26572BE0DD7A0063902A /* EntrantAssistantApp */,
				54CF26562BE0DD7A0063902A /* Products */,
			);
			sourceTree = "<group>";
		};
		54CF26562BE0DD7A0063902A /* Products */ = {
			isa = PBXGroup;
			children = (
				54CF26552BE0DD7A0063902A /* EntrantAssistantApp.app */,
			);
			name = Products;
			sourceTree = "<group>";
		};
		54CF26572BE0DD7A0063902A /* EntrantAssistantApp */ = {
			isa = PBXGroup;
			children = (
				54CF26722BE1196C0063902A /* Extensions */,
				54CF26682BE0F9200063902A /* Data */,
				54CF26672BE0F90E0063902A /* ViewModels */,
				54CF26662BE0F90A0063902A /* Views */,
				54CF26582BE0DD7A0063902A /* EntrantAssistantAppApp.swift */,
				54CF265A2BE0DD7A0063902A /* ContentView.swift */,
				54CF265C2BE0DD7C0063902A /* Assets.xcassets */,
				54CF265E2BE0DD7C0063902A /* Preview Content */,
			);
			path = EntrantAssistantApp;
			sourceTree = "<group>";
		};
		54CF265E2BE0DD7C0063902A /* Preview Content */ = {
			isa = PBXGroup;
			children = (
				54CF265F2BE0DD7C0063902A /* Preview Assets.xcassets */,
			);
			path = "Preview Content";
			sourceTree = "<group>";
		};
		54CF26662BE0F90A0063902A /* Views */ = {
			isa = PBXGroup;
			children = (
				54CF266F2BE0F99E0063902A /* AuthView */,
				54CF266E2BE0F9980063902A /* ProfileView */,
				54CF266D2BE0F9920063902A /* DetailView */,
				54CF266C2BE0F98E0063902A /* HomeView */,
				54CF266B2BE0F9820063902A /* TabBar */,
			);
			path = Views;
			sourceTree = "<group>";
		};
		54CF26672BE0F90E0063902A /* ViewModels */ = {
			isa = PBXGroup;
			children = (
			);
			path = ViewModels;
			sourceTree = "<group>";
		};
		54CF26682BE0F9200063902A /* Data */ = {
			isa = PBXGroup;
			children = (
				54CF26692BE0F92C0063902A /* MockData.swift */,
			);
			path = Data;
			sourceTree = "<group>";
		};
		54CF266B2BE0F9820063902A /* TabBar */ = {
			isa = PBXGroup;
			children = (
			);
			path = TabBar;
			sourceTree = "<group>";
		};
		54CF266C2BE0F98E0063902A /* HomeView */ = {
			isa = PBXGroup;
			children = (
				54CF26702BE0FF1F0063902A /* HomeView.swift */,
			);
			path = HomeView;
			sourceTree = "<group>";
		};
		54CF266D2BE0F9920063902A /* DetailView */ = {
			isa = PBXGroup;
			children = (
			);
			path = DetailView;
			sourceTree = "<group>";
		};
		54CF266E2BE0F9980063902A /* ProfileView */ = {
			isa = PBXGroup;
			children = (
			);
			path = ProfileView;
			sourceTree = "<group>";
		};
		54CF266F2BE0F99E0063902A /* AuthView */ = {
			isa = PBXGroup;
			children = (
			);
			path = AuthView;
			sourceTree = "<group>";
		};
		54CF26722BE1196C0063902A /* Extensions */ = {
			isa = PBXGroup;
			children = (
				54CF26732BE119770063902A /* Size.swift */,
			);
			path = Extensions;
			sourceTree = "<group>";
		};
/* End PBXGroup section */

/* Begin PBXNativeTarget section */
		54CF26542BE0DD7A0063902A /* EntrantAssistantApp */ = {
			isa = PBXNativeTarget;
			buildConfigurationList = 54CF26632BE0DD7C0063902A /* Build configuration list for PBXNativeTarget "EntrantAssistantApp" */;
			buildPhases = (
				54CF26512BE0DD7A0063902A /* Sources */,
				54CF26522BE0DD7A0063902A /* Frameworks */,
				54CF26532BE0DD7A0063902A /* Resources */,
			);
			buildRules = (
			);
			dependencies = (
			);
			name = EntrantAssistantApp;
			productName = EntrantAssistantApp;
			productReference = 54CF26552BE0DD7A0063902A /* EntrantAssistantApp.app */;
			productType = "com.apple.product-type.application";
		};
/* End PBXNativeTarget section */

/* Begin PBXProject section */
		54CF264D2BE0DD7A0063902A /* Project object */ = {
			isa = PBXProject;
			attributes = {
				BuildIndependentTargetsInParallel = 1;
				LastSwiftUpdateCheck = 1530;
				LastUpgradeCheck = 1530;
				TargetAttributes = {
					54CF26542BE0DD7A0063902A = {
						CreatedOnToolsVersion = 15.3;
					};
				};
			};
			buildConfigurationList = 54CF26502BE0DD7A0063902A /* Build configuration list for PBXProject "EntrantAssistantApp" */;
			compatibilityVersion = "Xcode 14.0";
			developmentRegion = en;
			hasScannedForEncodings = 0;
			knownRegions = (
				en,
				Base,
			);
			mainGroup = 54CF264C2BE0DD7A0063902A;
			productRefGroup = 54CF26562BE0DD7A0063902A /* Products */;
			projectDirPath = "";
			projectRoot = "";
			targets = (
				54CF26542BE0DD7A0063902A /* EntrantAssistantApp */,
			);
		};
/* End PBXProject section */

/* Begin PBXResourcesBuildPhase section */
		54CF26532BE0DD7A0063902A /* Resources */ = {
			isa = PBXResourcesBuildPhase;
			buildActionMask = 2147483647;
			files = (
				54CF26602BE0DD7C0063902A /* Preview Assets.xcassets in Resources */,
				54CF265D2BE0DD7C0063902A /* Assets.xcassets in Resources */,
			);
			runOnlyForDeploymentPostprocessing = 0;
		};
/* End PBXResourcesBuildPhase section */

/* Begin PBXSourcesBuildPhase section */
		54CF26512BE0DD7A0063902A /* Sources */ = {
			isa = PBXSourcesBuildPhase;
			buildActionMask = 2147483647;
			files = (
				54CF265B2BE0DD7A0063902A /* ContentView.swift in Sources */,
				54CF26742BE119770063902A /* Size.swift in Sources */,
				54CF26712BE0FF1F0063902A /* HomeView.swift in Sources */,
				54CF266A2BE0F92C0063902A /* MockData.swift in Sources */,
				54CF26592BE0DD7A0063902A /* EntrantAssistantAppApp.swift in Sources */,
			);
			runOnlyForDeploymentPostprocessing = 0;
		};
/* End PBXSourcesBuildPhase section */

/* Begin XCBuildConfiguration section */
		54CF26612BE0DD7C0063902A /* Debug */ = {
			isa = XCBuildConfiguration;
			buildSettings = {
				ALWAYS_SEARCH_USER_PATHS = NO;
				ASSETCATALOG_COMPILER_GENERATE_SWIFT_ASSET_SYMBOL_EXTENSIONS = YES;
				CLANG_ANALYZER_NONNULL = YES;
				CLANG_ANALYZER_NUMBER_OBJECT_CONVERSION = YES_AGGRESSIVE;
				CLANG_CXX_LANGUAGE_STANDARD = "gnu++20";
				CLANG_ENABLE_MODULES = YES;
				CLANG_ENABLE_OBJC_ARC = YES;
				CLANG_ENABLE_OBJC_WEAK = YES;
				CLANG_WARN_BLOCK_CAPTURE_AUTORELEASING = YES;
				CLANG_WARN_BOOL_CONVERSION = YES;
				CLANG_WARN_COMMA = YES;
				CLANG_WARN_CONSTANT_CONVERSION = YES;
				CLANG_WARN_DEPRECATED_OBJC_IMPLEMENTATIONS = YES;
				CLANG_WARN_DIRECT_OBJC_ISA_USAGE = YES_ERROR;
				CLANG_WARN_DOCUMENTATION_COMMENTS = YES;
				CLANG_WARN_EMPTY_BODY = YES;
				CLANG_WARN_ENUM_CONVERSION = YES;
				CLANG_WARN_INFINITE_RECURSION = YES;
				CLANG_WARN_INT_CONVERSION = YES;
				CLANG_WARN_NON_LITERAL_NULL_CONVERSION = YES;
				CLANG_WARN_OBJC_IMPLICIT_RETAIN_SELF = YES;
				CLANG_WARN_OBJC_LITERAL_CONVERSION = YES;
				CLANG_WARN_OBJC_ROOT_CLASS = YES_ERROR;
				CLANG_WARN_QUOTED_INCLUDE_IN_FRAMEWORK_HEADER = YES;
				CLANG_WARN_RANGE_LOOP_ANALYSIS = YES;
				CLANG_WARN_STRICT_PROTOTYPES = YES;
				CLANG_WARN_SUSPICIOUS_MOVE = YES;
				CLANG_WARN_UNGUARDED_AVAILABILITY = YES_AGGRESSIVE;
				CLANG_WARN_UNREACHABLE_CODE = YES;
				CLANG_WARN__DUPLICATE_METHOD_MATCH = YES;
				COPY_PHASE_STRIP = NO;
				DEBUG_INFORMATION_FORMAT = dwarf;
				ENABLE_STRICT_OBJC_MSGSEND = YES;
				ENABLE_TESTABILITY = YES;
				ENABLE_USER_SCRIPT_SANDBOXING = YES;
				GCC_C_LANGUAGE_STANDARD = gnu17;
				GCC_DYNAMIC_NO_PIC = NO;
				GCC_NO_COMMON_BLOCKS = YES;
				GCC_OPTIMIZATION_LEVEL = 0;
				GCC_PREPROCESSOR_DEFINITIONS = (
					"DEBUG=1",
					"$(inherited)",
				);
				GCC_WARN_64_TO_32_BIT_CONVERSION = YES;
				GCC_WARN_ABOUT_RETURN_TYPE = YES_ERROR;
				GCC_WARN_UNDECLARED_SELECTOR = YES;
				GCC_WARN_UNINITIALIZED_AUTOS = YES_AGGRESSIVE;
				GCC_WARN_UNUSED_FUNCTION = YES;
				GCC_WARN_UNUSED_VARIABLE = YES;
				IPHONEOS_DEPLOYMENT_TARGET = 17.4;
				LOCALIZATION_PREFERS_STRING_CATALOGS = YES;
				MTL_ENABLE_DEBUG_INFO = INCLUDE_SOURCE;
				MTL_FAST_MATH = YES;
				ONLY_ACTIVE_ARCH = YES;
				SDKROOT = iphoneos;
				SWIFT_ACTIVE_COMPILATION_CONDITIONS = "DEBUG $(inherited)";
				SWIFT_OPTIMIZATION_LEVEL = "-Onone";
			};
			name = Debug;
		};
		54CF26622BE0DD7C0063902A /* Release */ = {
			isa = XCBuildConfiguration;
			buildSettings = {
				ALWAYS_SEARCH_USER_PATHS = NO;
				ASSETCATALOG_COMPILER_GENERATE_SWIFT_ASSET_SYMBOL_EXTENSIONS = YES;
				CLANG_ANALYZER_NONNULL = YES;
				CLANG_ANALYZER_NUMBER_OBJECT_CONVERSION = YES_AGGRESSIVE;
				CLANG_CXX_LANGUAGE_STANDARD = "gnu++20";
				CLANG_ENABLE_MODULES = YES;
				CLANG_ENABLE_OBJC_ARC = YES;
				CLANG_ENABLE_OBJC_WEAK = YES;
				CLANG_WARN_BLOCK_CAPTURE_AUTORELEASING = YES;
				CLANG_WARN_BOOL_CONVERSION = YES;
				CLANG_WARN_COMMA = YES;
				CLANG_WARN_CONSTANT_CONVERSION = YES;
				CLANG_WARN_DEPRECATED_OBJC_IMPLEMENTATIONS = YES;
				CLANG_WARN_DIRECT_OBJC_ISA_USAGE = YES_ERROR;
				CLANG_WARN_DOCUMENTATION_COMMENTS = YES;
				CLANG_WARN_EMPTY_BODY = YES;
				CLANG_WARN_ENUM_CONVERSION = YES;
				CLANG_WARN_INFINITE_RECURSION = YES;
				CLANG_WARN_INT_CONVERSION = YES;
				CLANG_WARN_NON_LITERAL_NULL_CONVERSION = YES;
				CLANG_WARN_OBJC_IMPLICIT_RETAIN_SELF = YES;
				CLANG_WARN_OBJC_LITERAL_CONVERSION = YES;
				CLANG_WARN_OBJC_ROOT_CLASS = YES_ERROR;
				CLANG_WARN_QUOTED_INCLUDE_IN_FRAMEWORK_HEADER = YES;
				CLANG_WARN_RANGE_LOOP_ANALYSIS = YES;
				CLANG_WARN_STRICT_PROTOTYPES = YES;
				CLANG_WARN_SUSPICIOUS_MOVE = YES;
				CLANG_WARN_UNGUARDED_AVAILABILITY = YES_AGGRESSIVE;
				CLANG_WARN_UNREACHABLE_CODE = YES;
				CLANG_WARN__DUPLICATE_METHOD_MATCH = YES;
				COPY_PHASE_STRIP = NO;
				DEBUG_INFORMATION_FORMAT = "dwarf-with-dsym";
				ENABLE_NS_ASSERTIONS = NO;
				ENABLE_STRICT_OBJC_MSGSEND = YES;
				ENABLE_USER_SCRIPT_SANDBOXING = YES;
				GCC_C_LANGUAGE_STANDARD = gnu17;
				GCC_NO_COMMON_BLOCKS = YES;
				GCC_WARN_64_TO_32_BIT_CONVERSION = YES;
				GCC_WARN_ABOUT_RETURN_TYPE = YES_ERROR;
				GCC_WARN_UNDECLARED_SELECTOR = YES;
				GCC_WARN_UNINITIALIZED_AUTOS = YES_AGGRESSIVE;
				GCC_WARN_UNUSED_FUNCTION = YES;
				GCC_WARN_UNUSED_VARIABLE = YES;
				IPHONEOS_DEPLOYMENT_TARGET = 17.4;
				LOCALIZATION_PREFERS_STRING_CATALOGS = YES;
				MTL_ENABLE_DEBUG_INFO = NO;
				MTL_FAST_MATH = YES;
				SDKROOT = iphoneos;
				SWIFT_COMPILATION_MODE = wholemodule;
				VALIDATE_PRODUCT = YES;
			};
			name = Release;
		};
		54CF26642BE0DD7C0063902A /* Debug */ = {
			isa = XCBuildConfiguration;
			buildSettings = {
				ASSETCATALOG_COMPILER_APPICON_NAME = AppIcon;
				ASSETCATALOG_COMPILER_GLOBAL_ACCENT_COLOR_NAME = AccentColor;
				CODE_SIGN_STYLE = Automatic;
				CURRENT_PROJECT_VERSION = 1;
				DEVELOPMENT_ASSET_PATHS = "\"EntrantAssistantApp/Preview Content\"";
				DEVELOPMENT_TEAM = 6N55PVMV5W;
				ENABLE_PREVIEWS = YES;
				GENERATE_INFOPLIST_FILE = YES;
				INFOPLIST_KEY_UIApplicationSceneManifest_Generation = YES;
				INFOPLIST_KEY_UIApplicationSupportsIndirectInputEvents = YES;
				INFOPLIST_KEY_UILaunchScreen_Generation = YES;
				INFOPLIST_KEY_UISupportedInterfaceOrientations_iPad = "UIInterfaceOrientationPortrait UIInterfaceOrientationPortraitUpsideDown UIInterfaceOrientationLandscapeLeft UIInterfaceOrientationLandscapeRight";
				INFOPLIST_KEY_UISupportedInterfaceOrientations_iPhone = "UIInterfaceOrientationPortrait UIInterfaceOrientationLandscapeLeft UIInterfaceOrientationLandscapeRight";
				LD_RUNPATH_SEARCH_PATHS = (
					"$(inherited)",
					"@executable_path/Frameworks",
				);
				MARKETING_VERSION = 1.0;
				PRODUCT_BUNDLE_IDENTIFIER = com.a4rek0v.EntrantAssistantApp;
				PRODUCT_NAME = "$(TARGET_NAME)";
				SWIFT_EMIT_LOC_STRINGS = YES;
				SWIFT_VERSION = 5.0;
				TARGETED_DEVICE_FAMILY = "1,2";
			};
			name = Debug;
		};
		54CF26652BE0DD7C0063902A /* Release */ = {
			isa = XCBuildConfiguration;
			buildSettings = {
				ASSETCATALOG_COMPILER_APPICON_NAME = AppIcon;
				ASSETCATALOG_COMPILER_GLOBAL_ACCENT_COLOR_NAME = AccentColor;
				CODE_SIGN_STYLE = Automatic;
				CURRENT_PROJECT_VERSION = 1;
				DEVELOPMENT_ASSET_PATHS = "\"EntrantAssistantApp/Preview Content\"";
				DEVELOPMENT_TEAM = 6N55PVMV5W;
				ENABLE_PREVIEWS = YES;
				GENERATE_INFOPLIST_FILE = YES;
				INFOPLIST_KEY_UIApplicationSceneManifest_Generation = YES;
				INFOPLIST_KEY_UIApplicationSupportsIndirectInputEvents = YES;
				INFOPLIST_KEY_UILaunchScreen_Generation = YES;
				INFOPLIST_KEY_UISupportedInterfaceOrientations_iPad = "UIInterfaceOrientationPortrait UIInterfaceOrientationPortraitUpsideDown UIInterfaceOrientationLandscapeLeft UIInterfaceOrientationLandscapeRight";
				INFOPLIST_KEY_UISupportedInterfaceOrientations_iPhone = "UIInterfaceOrientationPortrait UIInterfaceOrientationLandscapeLeft UIInterfaceOrientationLandscapeRight";
				LD_RUNPATH_SEARCH_PATHS = (
					"$(inherited)",
					"@executable_path/Frameworks",
				);
				MARKETING_VERSION = 1.0;
				PRODUCT_BUNDLE_IDENTIFIER = com.a4rek0v.EntrantAssistantApp;
				PRODUCT_NAME = "$(TARGET_NAME)";
				SWIFT_EMIT_LOC_STRINGS = YES;
				SWIFT_VERSION = 5.0;
				TARGETED_DEVICE_FAMILY = "1,2";
			};
			name = Release;
		};
/* End XCBuildConfiguration section */

/* Begin XCConfigurationList section */
		54CF26502BE0DD7A0063902A /* Build configuration list for PBXProject "EntrantAssistantApp" */ = {
			isa = XCConfigurationList;
			buildConfigurations = (
				54CF26612BE0DD7C0063902A /* Debug */,
				54CF26622BE0DD7C0063902A /* Release */,
			);
			defaultConfigurationIsVisible = 0;
			defaultConfigurationName = Release;
		};
		54CF26632BE0DD7C0063902A /* Build configuration list for PBXNativeTarget "EntrantAssistantApp" */ = {
			isa = XCConfigurationList;
			buildConfigurations = (
				54CF26642BE0DD7C0063902A /* Debug */,
				54CF26652BE0DD7C0063902A /* Release */,
			);
			defaultConfigurationIsVisible = 0;
			defaultConfigurationName = Release;
		};
/* End XCConfigurationList section */
	};
	rootObject = 54CF264D2BE0DD7A0063902A /* Project object */;
}
